
Microsoft Visual Studio Solution File, Format Version 12.00
# Visual Studio Version 16
VisualStudioVersion = 16.0.30611.23
MinimumVisualStudioVersion = 10.0.40219.1
Project("{FAE04EC0-301F-11D3-BF4B-00C04F79EFBC}") = "CarWebApi", "CarWebApi\CarWebApi.csproj", "{8EE4A071-883C-499E-960A-46B369A1660D}"
EndProject
Global
	GlobalSection(SolutionConfigurationPlatforms) = preSolution
		Debug|Any CPU = Debug|Any CPU
		Release|Any CPU = Release|Any CPU
	EndGlobalSection
	GlobalSection(ProjectConfigurationPlatforms) = postSolution
		{8EE4A071-883C-499E-960A-46B369A1660D}.Debug|Any CPU.ActiveCfg = Debug|Any CPU
		{8EE4A071-883C-499E-960A-46B369A1660D}.Debug|Any CPU.Build.0 = Debug|Any CPU
		{8EE4A071-883C-499E-960A-46B369A1660D}.Release|Any CPU.ActiveCfg = Release|Any CPU
		{8EE4A071-883C-499E-960A-46B369A1660D}.Release|Any CPU.Build.0 = Release|Any CPU
	EndGlobalSection
	GlobalSection(SolutionProperties) = preSolution
		HideSolutionNode = FALSE
	EndGlobalSection
	GlobalSection(ExtensibilityGlobals) = postSolution
		SolutionGuid = {4D99E291-E80F-41F9-8D33-A444F81DD88D}
	EndGlobalSection
EndGlobal
